
Microsoft Visual Studio Solution File, Format Version 12.00
# Visual Studio Version 17
VisualStudioVersion = 17.7.34024.191
MinimumVisualStudioVersion = 10.0.40219.1
Project("{9A19103F-16F7-4668-BE54-9A1E7A4F7556}") = "ExcelToCustomApplication", "ExcelToCustomApplication.csproj", "{86FA0B36-BFE7-497F-A1BB-B1A24A13D812}"
EndProject
Global
	GlobalSection(SolutionConfigurationPlatforms) = preSolution
		Debug|Any CPU = Debug|Any CPU
		Release|Any CPU = Release|Any CPU
	EndGlobalSection
	GlobalSection(ProjectConfigurationPlatforms) = postSolution
		{86FA0B36-BFE7-497F-A1BB-B1A24A13D812}.Debug|Any CPU.ActiveCfg = Debug|Any CPU
		{86FA0B36-BFE7-497F-A1BB-B1A24A13D812}.Debug|Any CPU.Build.0 = Debug|Any CPU
		{86FA0B36-BFE7-497F-A1BB-B1A24A13D812}.Release|Any CPU.ActiveCfg = Release|Any CPU
		{86FA0B36-BFE7-497F-A1BB-B1A24A13D812}.Release|Any CPU.Build.0 = Release|Any CPU
	EndGlobalSection
	GlobalSection(SolutionProperties) = preSolution
		HideSolutionNode = FALSE
	EndGlobalSection
	GlobalSection(ExtensibilityGlobals) = postSolution
		SolutionGuid = {52F54B24-2B72-4795-BC1A-9EBF459066A6}
	EndGlobalSection
EndGlobal
